
Microsoft Visual Studio Solution File, Format Version 12.00
# Visual Studio Version 16
VisualStudioVersion = 16.0.30330.147
MinimumVisualStudioVersion = 10.0.40219.1
Project("{FAE04EC0-301F-11D3-BF4B-00C04F79EFBC}") = "Reflection", "Reflection\Reflection.csproj", "{5AEE1FF7-5CC6-45CC-873F-CB3F91AFF70B}"
EndProject
Project("{FAE04EC0-301F-11D3-BF4B-00C04F79EFBC}") = "Extension", "Extension\Extension.csproj", "{49DB7A2A-5343-4193-AF57-D24B237A58D0}"
EndProject
Project("{FAE04EC0-301F-11D3-BF4B-00C04F79EFBC}") = "AssembliesReflex", "AssembliesReflex\AssembliesReflex.csproj", "{A382BEA5-6E3C-4732-A883-09B6E050AACB}"
EndProject
Project("{FAE04EC0-301F-11D3-BF4B-00C04F79EFBC}") = "Subprocesamiento", "Subprocesamiento\Subprocesamiento.csproj", "{D970D4A1-6C04-4781-9A90-4C30B61F0ADC}"
EndProject
Project("{FAE04EC0-301F-11D3-BF4B-00C04F79EFBC}") = "Subproc_Threads", "Subproc_Threads\Subproc_Threads.csproj", "{FE5EC85D-A4D3-490E-9D7D-C8ACB3C9B11E}"
EndProject
Global
	GlobalSection(SolutionConfigurationPlatforms) = preSolution
		Debug|Any CPU = Debug|Any CPU
		Release|Any CPU = Release|Any CPU
	EndGlobalSection
	GlobalSection(ProjectConfigurationPlatforms) = postSolution
		{5AEE1FF7-5CC6-45CC-873F-CB3F91AFF70B}.Debug|Any CPU.ActiveCfg = Debug|Any CPU
		{5AEE1FF7-5CC6-45CC-873F-CB3F91AFF70B}.Debug|Any CPU.Build.0 = Debug|Any CPU
		{5AEE1FF7-5CC6-45CC-873F-CB3F91AFF70B}.Release|Any CPU.ActiveCfg = Release|Any CPU
		{5AEE1FF7-5CC6-45CC-873F-CB3F91AFF70B}.Release|Any CPU.Build.0 = Release|Any CPU
		{49DB7A2A-5343-4193-AF57-D24B237A58D0}.Debug|Any CPU.ActiveCfg = Debug|Any CPU
		{49DB7A2A-5343-4193-AF57-D24B237A58D0}.Debug|Any CPU.Build.0 = Debug|Any CPU
		{49DB7A2A-5343-4193-AF57-D24B237A58D0}.Release|Any CPU.ActiveCfg = Release|Any CPU
		{49DB7A2A-5343-4193-AF57-D24B237A58D0}.Release|Any CPU.Build.0 = Release|Any CPU
		{A382BEA5-6E3C-4732-A883-09B6E050AACB}.Debug|Any CPU.ActiveCfg = Debug|Any CPU
		{A382BEA5-6E3C-4732-A883-09B6E050AACB}.Debug|Any CPU.Build.0 = Debug|Any CPU
		{A382BEA5-6E3C-4732-A883-09B6E050AACB}.Release|Any CPU.ActiveCfg = Release|Any CPU
		{A382BEA5-6E3C-4732-A883-09B6E050AACB}.Release|Any CPU.Build.0 = Release|Any CPU
		{D970D4A1-6C04-4781-9A90-4C30B61F0ADC}.Debug|Any CPU.ActiveCfg = Debug|Any CPU
		{D970D4A1-6C04-4781-9A90-4C30B61F0ADC}.Debug|Any CPU.Build.0 = Debug|Any CPU
		{D970D4A1-6C04-4781-9A90-4C30B61F0ADC}.Release|Any CPU.ActiveCfg = Release|Any CPU
		{D970D4A1-6C04-4781-9A90-4C30B61F0ADC}.Release|Any CPU.Build.0 = Release|Any CPU
		{FE5EC85D-A4D3-490E-9D7D-C8ACB3C9B11E}.Debug|Any CPU.ActiveCfg = Debug|Any CPU
		{FE5EC85D-A4D3-490E-9D7D-C8ACB3C9B11E}.Debug|Any CPU.Build.0 = Debug|Any CPU
		{FE5EC85D-A4D3-490E-9D7D-C8ACB3C9B11E}.Release|Any CPU.ActiveCfg = Release|Any CPU
		{FE5EC85D-A4D3-490E-9D7D-C8ACB3C9B11E}.Release|Any CPU.Build.0 = Release|Any CPU
	EndGlobalSection
	GlobalSection(SolutionProperties) = preSolution
		HideSolutionNode = FALSE
	EndGlobalSection
	GlobalSection(ExtensibilityGlobals) = postSolution
		SolutionGuid = {D28601A0-F0A7-441F-B5FA-B197E974DEC0}
	EndGlobalSection
EndGlobal
