
Microsoft Visual Studio Solution File, Format Version 12.00
# Visual Studio Version 16
VisualStudioVersion = 16.0.30406.217
MinimumVisualStudioVersion = 10.0.40219.1
Project("{FAE04EC0-301F-11D3-BF4B-00C04F79EFBC}") = "Arbol1", "Arbol1\Arbol1.csproj", "{EE8BDE98-1A0E-4989-BF32-AB4443BA3A55}"
EndProject
Global
	GlobalSection(SolutionConfigurationPlatforms) = preSolution
		Debug|Any CPU = Debug|Any CPU
		Release|Any CPU = Release|Any CPU
	EndGlobalSection
	GlobalSection(ProjectConfigurationPlatforms) = postSolution
		{EE8BDE98-1A0E-4989-BF32-AB4443BA3A55}.Debug|Any CPU.ActiveCfg = Debug|Any CPU
		{EE8BDE98-1A0E-4989-BF32-AB4443BA3A55}.Debug|Any CPU.Build.0 = Debug|Any CPU
		{EE8BDE98-1A0E-4989-BF32-AB4443BA3A55}.Release|Any CPU.ActiveCfg = Release|Any CPU
		{EE8BDE98-1A0E-4989-BF32-AB4443BA3A55}.Release|Any CPU.Build.0 = Release|Any CPU
	EndGlobalSection
	GlobalSection(SolutionProperties) = preSolution
		HideSolutionNode = FALSE
	EndGlobalSection
	GlobalSection(ExtensibilityGlobals) = postSolution
		SolutionGuid = {8A13D972-4A88-4913-8477-7DD7F635234B}
	EndGlobalSection
EndGlobal
